
Microsoft Visual Studio Solution File, Format Version 12.00
# Visual Studio Version 17
VisualStudioVersion = 17.14.36717.8 d17.14
MinimumVisualStudioVersion = 10.0.40219.1
Project("{FAE04EC0-301F-11D3-BF4B-00C04F79EFBC}") = "KASHOP.PL", "KASHOP.PL\KASHOP.PL.csproj", "{2C7EC6D2-BB85-463E-AC73-39E789A12658}"
EndProject
Project("{FAE04EC0-301F-11D3-BF4B-00C04F79EFBC}") = "KASHOP.BLL", "KASHOP.BLL\KASHOP.BLL.csproj", "{2F260A38-D056-4E50-A43C-10B49CC373B6}"
EndProject
Project("{FAE04EC0-301F-11D3-BF4B-00C04F79EFBC}") = "KASHOP.DAL", "KASHOP.DAL\KASHOP.DAL.csproj", "{3D00467F-771C-4B92-B2A6-87FC41DCD32C}"
EndProject
Global
	GlobalSection(SolutionConfigurationPlatforms) = preSolution
		Debug|Any CPU = Debug|Any CPU
		Release|Any CPU = Release|Any CPU
	EndGlobalSection
	GlobalSection(ProjectConfigurationPlatforms) = postSolution
		{2C7EC6D2-BB85-463E-AC73-39E789A12658}.Debug|Any CPU.ActiveCfg = Debug|Any CPU
		{2C7EC6D2-BB85-463E-AC73-39E789A12658}.Debug|Any CPU.Build.0 = Debug|Any CPU
		{2C7EC6D2-BB85-463E-AC73-39E789A12658}.Release|Any CPU.ActiveCfg = Release|Any CPU
		{2C7EC6D2-BB85-463E-AC73-39E789A12658}.Release|Any CPU.Build.0 = Release|Any CPU
		{2F260A38-D056-4E50-A43C-10B49CC373B6}.Debug|Any CPU.ActiveCfg = Debug|Any CPU
		{2F260A38-D056-4E50-A43C-10B49CC373B6}.Debug|Any CPU.Build.0 = Debug|Any CPU
		{2F260A38-D056-4E50-A43C-10B49CC373B6}.Release|Any CPU.ActiveCfg = Release|Any CPU
		{2F260A38-D056-4E50-A43C-10B49CC373B6}.Release|Any CPU.Build.0 = Release|Any CPU
		{3D00467F-771C-4B92-B2A6-87FC41DCD32C}.Debug|Any CPU.ActiveCfg = Debug|Any CPU
		{3D00467F-771C-4B92-B2A6-87FC41DCD32C}.Debug|Any CPU.Build.0 = Debug|Any CPU
		{3D00467F-771C-4B92-B2A6-87FC41DCD32C}.Release|Any CPU.ActiveCfg = Release|Any CPU
		{3D00467F-771C-4B92-B2A6-87FC41DCD32C}.Release|Any CPU.Build.0 = Release|Any CPU
	EndGlobalSection
	GlobalSection(SolutionProperties) = preSolution
		HideSolutionNode = FALSE
	EndGlobalSection
	GlobalSection(ExtensibilityGlobals) = postSolution
		SolutionGuid = {0DE0088B-EFAF-41E8-A05E-94722D4C60DE}
	EndGlobalSection
EndGlobal
